
Microsoft Visual Studio Solution File, Format Version 12.00
# Visual Studio Version 17
VisualStudioVersion = 17.11.35327.3
MinimumVisualStudioVersion = 10.0.40219.1
Project("{FAE04EC0-301F-11D3-BF4B-00C04F79EFBC}") = "accountProvider", "accountProvider\accountProvider.csproj", "{09FB1591-8D9F-4CC3-A214-9B06C15646CF}"
EndProject
Project("{FAE04EC0-301F-11D3-BF4B-00C04F79EFBC}") = "Infrastructure", "Infrastructure\Infrastructure.csproj", "{470098D1-A0E3-4AF6-A710-27D252126429}"
EndProject
Project("{FAE04EC0-301F-11D3-BF4B-00C04F79EFBC}") = "accountProviderTests", "accountProviderTests\accountProviderTests.csproj", "{3D121767-E441-4951-97BC-0A704C38C43A}"
EndProject
Global
	GlobalSection(SolutionConfigurationPlatforms) = preSolution
		Debug|Any CPU = Debug|Any CPU
		Release|Any CPU = Release|Any CPU
	EndGlobalSection
	GlobalSection(ProjectConfigurationPlatforms) = postSolution
		{09FB1591-8D9F-4CC3-A214-9B06C15646CF}.Debug|Any CPU.ActiveCfg = Debug|Any CPU
		{09FB1591-8D9F-4CC3-A214-9B06C15646CF}.Debug|Any CPU.Build.0 = Debug|Any CPU
		{09FB1591-8D9F-4CC3-A214-9B06C15646CF}.Release|Any CPU.ActiveCfg = Release|Any CPU
		{09FB1591-8D9F-4CC3-A214-9B06C15646CF}.Release|Any CPU.Build.0 = Release|Any CPU
		{470098D1-A0E3-4AF6-A710-27D252126429}.Debug|Any CPU.ActiveCfg = Debug|Any CPU
		{470098D1-A0E3-4AF6-A710-27D252126429}.Debug|Any CPU.Build.0 = Debug|Any CPU
		{470098D1-A0E3-4AF6-A710-27D252126429}.Release|Any CPU.ActiveCfg = Release|Any CPU
		{470098D1-A0E3-4AF6-A710-27D252126429}.Release|Any CPU.Build.0 = Release|Any CPU
		{3D121767-E441-4951-97BC-0A704C38C43A}.Debug|Any CPU.ActiveCfg = Debug|Any CPU
		{3D121767-E441-4951-97BC-0A704C38C43A}.Debug|Any CPU.Build.0 = Debug|Any CPU
		{3D121767-E441-4951-97BC-0A704C38C43A}.Release|Any CPU.ActiveCfg = Release|Any CPU
		{3D121767-E441-4951-97BC-0A704C38C43A}.Release|Any CPU.Build.0 = Release|Any CPU
	EndGlobalSection
	GlobalSection(SolutionProperties) = preSolution
		HideSolutionNode = FALSE
	EndGlobalSection
	GlobalSection(ExtensibilityGlobals) = postSolution
		SolutionGuid = {6FA9FCAD-1E2A-4023-B09B-033B2658355C}
	EndGlobalSection
EndGlobal
